
Microsoft Visual Studio Solution File, Format Version 12.00
# Visual Studio Version 16
VisualStudioVersion = 16.0.29509.3
MinimumVisualStudioVersion = 10.0.40219.1
Project("{FAE04EC0-301F-11D3-BF4B-00C04F79EFBC}") = "Day01", "Day01\Day01.csproj", "{83A2AC0A-20B9-44D1-9A1B-84B4E5E27AF5}"
EndProject
Project("{FAE04EC0-301F-11D3-BF4B-00C04F79EFBC}") = "Day02", "Day02\Day02.csproj", "{4F644FAA-BA83-436F-B2AD-277E077F05D1}"
EndProject
Global
	GlobalSection(SolutionConfigurationPlatforms) = preSolution
		Debug|Any CPU = Debug|Any CPU
		Release|Any CPU = Release|Any CPU
	EndGlobalSection
	GlobalSection(ProjectConfigurationPlatforms) = postSolution
		{83A2AC0A-20B9-44D1-9A1B-84B4E5E27AF5}.Debug|Any CPU.ActiveCfg = Debug|Any CPU
		{83A2AC0A-20B9-44D1-9A1B-84B4E5E27AF5}.Debug|Any CPU.Build.0 = Debug|Any CPU
		{83A2AC0A-20B9-44D1-9A1B-84B4E5E27AF5}.Release|Any CPU.ActiveCfg = Release|Any CPU
		{83A2AC0A-20B9-44D1-9A1B-84B4E5E27AF5}.Release|Any CPU.Build.0 = Release|Any CPU
		{4F644FAA-BA83-436F-B2AD-277E077F05D1}.Debug|Any CPU.ActiveCfg = Debug|Any CPU
		{4F644FAA-BA83-436F-B2AD-277E077F05D1}.Debug|Any CPU.Build.0 = Debug|Any CPU
		{4F644FAA-BA83-436F-B2AD-277E077F05D1}.Release|Any CPU.ActiveCfg = Release|Any CPU
		{4F644FAA-BA83-436F-B2AD-277E077F05D1}.Release|Any CPU.Build.0 = Release|Any CPU
	EndGlobalSection
	GlobalSection(SolutionProperties) = preSolution
		HideSolutionNode = FALSE
	EndGlobalSection
	GlobalSection(ExtensibilityGlobals) = postSolution
		SolutionGuid = {64E25D20-995D-413E-A963-D97D9AE3CDEB}
	EndGlobalSection
EndGlobal
